
Microsoft Visual Studio Solution File, Format Version 12.00
# Visual Studio Version 17
VisualStudioVersion = 17.8.34511.84
MinimumVisualStudioVersion = 10.0.40219.1
Project("{FAE04EC0-301F-11D3-BF4B-00C04F79EFBC}") = "DDD_ASM2", "DDD_ASM2\DDD_ASM2.csproj", "{A5206F55-2AA7-46F7-810F-8F08381699F3}"
EndProject
Global
	GlobalSection(SolutionConfigurationPlatforms) = preSolution
		Debug|Any CPU = Debug|Any CPU
		Release|Any CPU = Release|Any CPU
	EndGlobalSection
	GlobalSection(ProjectConfigurationPlatforms) = postSolution
		{A5206F55-2AA7-46F7-810F-8F08381699F3}.Debug|Any CPU.ActiveCfg = Debug|Any CPU
		{A5206F55-2AA7-46F7-810F-8F08381699F3}.Debug|Any CPU.Build.0 = Debug|Any CPU
		{A5206F55-2AA7-46F7-810F-8F08381699F3}.Release|Any CPU.ActiveCfg = Release|Any CPU
		{A5206F55-2AA7-46F7-810F-8F08381699F3}.Release|Any CPU.Build.0 = Release|Any CPU
	EndGlobalSection
	GlobalSection(SolutionProperties) = preSolution
		HideSolutionNode = FALSE
	EndGlobalSection
	GlobalSection(ExtensibilityGlobals) = postSolution
		SolutionGuid = {DBBAAB8C-AE8C-434A-A220-F7B8A4125A4D}
	EndGlobalSection
EndGlobal
